// !$*UTF8*$!
{
	archiveVersion = 1;
	classes = {
	};
	objectVersion = 50;
	objects = {

/* Begin PBXBuildFile section */
		0307250E25B5EB0500473311 /* UILabel+Extension.swift in Sources */ = {isa = PBXBuildFile; fileRef = 0307250D25B5EB0500473311 /* UILabel+Extension.swift */; };
		0307251925B5EDCD00473311 /* AppBaseViewController.swift in Sources */ = {isa = PBXBuildFile; fileRef = 0307251825B5EDCD00473311 /* AppBaseViewController.swift */; };
		0307252025B5F12500473311 /* NBNetwork.swift in Sources */ = {isa = PBXBuildFile; fileRef = 0307251F25B5F12500473311 /* NBNetwork.swift */; };
		0307254125B5F3A200473311 /* Item.swift in Sources */ = {isa = PBXBuildFile; fileRef = 0307254025B5F3A200473311 /* Item.swift */; };
		0307255325B5FF2800473311 /* LBC_ItemTests.swift in Sources */ = {isa = PBXBuildFile; fileRef = 0307255225B5FF2800473311 /* LBC_ItemTests.swift */; };
		031727D625B8A4330071ECA0 /* LoadingViewController.swift in Sources */ = {isa = PBXBuildFile; fileRef = 031727D525B8A4330071ECA0 /* LoadingViewController.swift */; };
		031727FE25B8AE740071ECA0 /* ItemDetailViewController.swift in Sources */ = {isa = PBXBuildFile; fileRef = 031727FD25B8AE740071ECA0 /* ItemDetailViewController.swift */; };
		03399EBD25B960CF00572280 /* Float+Extension.swift in Sources */ = {isa = PBXBuildFile; fileRef = 03399EBC25B960CF00572280 /* Float+Extension.swift */; };
		03399EC525B98E5000572280 /* String+Extension.swift in Sources */ = {isa = PBXBuildFile; fileRef = 03399EC425B98E5000572280 /* String+Extension.swift */; };
		03399ECA25B9B04D00572280 /* UIView+Extension.swift in Sources */ = {isa = PBXBuildFile; fileRef = 03399EC925B9B04D00572280 /* UIView+Extension.swift */; };
		0380C78025B6C5B9007F53A6 /* AppData.swift in Sources */ = {isa = PBXBuildFile; fileRef = 0380C77F25B6C5B9007F53A6 /* AppData.swift */; };
		0380C78825B6C675007F53A6 /* AppData.swift in Sources */ = {isa = PBXBuildFile; fileRef = 0380C77F25B6C5B9007F53A6 /* AppData.swift */; };
		0380C78C25B6C67A007F53A6 /* Item.swift in Sources */ = {isa = PBXBuildFile; fileRef = 0307254025B5F3A200473311 /* Item.swift */; };
		0380C79025B6C67F007F53A6 /* NBNetwork.swift in Sources */ = {isa = PBXBuildFile; fileRef = 0307251F25B5F12500473311 /* NBNetwork.swift */; };
		0380C79425B6C681007F53A6 /* AppNetwork.swift in Sources */ = {isa = PBXBuildFile; fileRef = 0307253225B5F2F200473311 /* AppNetwork.swift */; };
		0380C79B25B6C6F6007F53A6 /* AppNetwork.swift in Sources */ = {isa = PBXBuildFile; fileRef = 0307253225B5F2F200473311 /* AppNetwork.swift */; };
		0380C7A025B6CC6A007F53A6 /* ItemCategory.swift in Sources */ = {isa = PBXBuildFile; fileRef = 0380C79F25B6CC6A007F53A6 /* ItemCategory.swift */; };
		0380C7A625B6DE61007F53A6 /* ItemsViewController.swift in Sources */ = {isa = PBXBuildFile; fileRef = 0380C7A525B6DE61007F53A6 /* ItemsViewController.swift */; };
		0380C7AF25B6E526007F53A6 /* ItemCell.swift in Sources */ = {isa = PBXBuildFile; fileRef = 0380C7AE25B6E526007F53A6 /* ItemCell.swift */; };
		0380C7B425B6F2A2007F53A6 /* AppNavigationController.swift in Sources */ = {isa = PBXBuildFile; fileRef = 0380C7B325B6F2A2007F53A6 /* AppNavigationController.swift */; };
		0380C7C525B6FB89007F53A6 /* UI.swift in Sources */ = {isa = PBXBuildFile; fileRef = 0380C7C425B6FB89007F53A6 /* UI.swift */; };
		0380C7CF25B75361007F53A6 /* Badge.swift in Sources */ = {isa = PBXBuildFile; fileRef = 0380C7CE25B75361007F53A6 /* Badge.swift */; };
		039AD64125B5DADE0000ECA1 /* AppDelegate.swift in Sources */ = {isa = PBXBuildFile; fileRef = 039AD64025B5DADE0000ECA1 /* AppDelegate.swift */; };
		039AD64A25B5DADF0000ECA1 /* Assets.xcassets in Resources */ = {isa = PBXBuildFile; fileRef = 039AD64925B5DADF0000ECA1 /* Assets.xcassets */; };
		039AD64D25B5DADF0000ECA1 /* LaunchScreen.storyboard in Resources */ = {isa = PBXBuildFile; fileRef = 039AD64B25B5DADF0000ECA1 /* LaunchScreen.storyboard */; };
		039AD65825B5DADF0000ECA1 /* LBC_SampleTests.swift in Sources */ = {isa = PBXBuildFile; fileRef = 039AD65725B5DADF0000ECA1 /* LBC_SampleTests.swift */; };
		039AD66325B5DADF0000ECA1 /* LBC_SampleUITests.swift in Sources */ = {isa = PBXBuildFile; fileRef = 039AD66225B5DADF0000ECA1 /* LBC_SampleUITests.swift */; };
		03C618B725B83228008419EF /* TestsCategories.json in Resources */ = {isa = PBXBuildFile; fileRef = 03C618B625B83228008419EF /* TestsCategories.json */; };
		03C618BF25B8325B008419EF /* LBC_CategoryTests.swift in Sources */ = {isa = PBXBuildFile; fileRef = 03C618BE25B8325B008419EF /* LBC_CategoryTests.swift */; };
		03C618C925B83457008419EF /* ItemCategory.swift in Sources */ = {isa = PBXBuildFile; fileRef = 0380C79F25B6CC6A007F53A6 /* ItemCategory.swift */; };
		03C618D025B834BF008419EF /* CoreServices.framework in Frameworks */ = {isa = PBXBuildFile; fileRef = 0307252D25B5F22800473311 /* CoreServices.framework */; };
		03C618DD25B834F0008419EF /* CoreServices.framework in Frameworks */ = {isa = PBXBuildFile; fileRef = 0307252D25B5F22800473311 /* CoreServices.framework */; };
		03C618E225B836A1008419EF /* TestsItems.json in Resources */ = {isa = PBXBuildFile; fileRef = 03C618E125B836A1008419EF /* TestsItems.json */; };
		03C618EA25B8745C008419EF /* FilterPane.swift in Sources */ = {isa = PBXBuildFile; fileRef = 03C618E925B8745C008419EF /* FilterPane.swift */; };
/* End PBXBuildFile section */

/* Begin PBXContainerItemProxy section */
		039AD65425B5DADF0000ECA1 /* PBXContainerItemProxy */ = {
			isa = PBXContainerItemProxy;
			containerPortal = 039AD63525B5DADE0000ECA1 /* Project object */;
			proxyType = 1;
			remoteGlobalIDString = 039AD63C25B5DADE0000ECA1;
			remoteInfo = "LBC Sample";
		};
		039AD65F25B5DADF0000ECA1 /* PBXContainerItemProxy */ = {
			isa = PBXContainerItemProxy;
			containerPortal = 039AD63525B5DADE0000ECA1 /* Project object */;
			proxyType = 1;
			remoteGlobalIDString = 039AD63C25B5DADE0000ECA1;
			remoteInfo = "LBC Sample";
		};
/* End PBXContainerItemProxy section */

/* Begin PBXFileReference section */
		0307250D25B5EB0500473311 /* UILabel+Extension.swift */ = {isa = PBXFileReference; lastKnownFileType = sourcecode.swift; path = "UILabel+Extension.swift"; sourceTree = "<group>"; };
		0307251825B5EDCD00473311 /* AppBaseViewController.swift */ = {isa = PBXFileReference; lastKnownFileType = sourcecode.swift; path = AppBaseViewController.swift; sourceTree = "<group>"; };
		0307251F25B5F12500473311 /* NBNetwork.swift */ = {isa = PBXFileReference; fileEncoding = 4; lastKnownFileType = sourcecode.swift; path = NBNetwork.swift; sourceTree = "<group>"; };
		0307252D25B5F22800473311 /* CoreServices.framework */ = {isa = PBXFileReference; lastKnownFileType = wrapper.framework; name = CoreServices.framework; path = System/Library/Frameworks/CoreServices.framework; sourceTree = SDKROOT; };
		0307253225B5F2F200473311 /* AppNetwork.swift */ = {isa = PBXFileReference; lastKnownFileType = sourcecode.swift; path = AppNetwork.swift; sourceTree = "<group>"; };
		0307254025B5F3A200473311 /* Item.swift */ = {isa = PBXFileReference; lastKnownFileType = sourcecode.swift; path = Item.swift; sourceTree = "<group>"; };
		0307255225B5FF2800473311 /* LBC_ItemTests.swift */ = {isa = PBXFileReference; lastKnownFileType = sourcecode.swift; path = LBC_ItemTests.swift; sourceTree = "<group>"; };
		031727D525B8A4330071ECA0 /* LoadingViewController.swift */ = {isa = PBXFileReference; lastKnownFileType = sourcecode.swift; path = LoadingViewController.swift; sourceTree = "<group>"; };
		031727FD25B8AE740071ECA0 /* ItemDetailViewController.swift */ = {isa = PBXFileReference; lastKnownFileType = sourcecode.swift; path = ItemDetailViewController.swift; sourceTree = "<group>"; };
		03399EBC25B960CF00572280 /* Float+Extension.swift */ = {isa = PBXFileReference; lastKnownFileType = sourcecode.swift; path = "Float+Extension.swift"; sourceTree = "<group>"; };
		03399EC425B98E5000572280 /* String+Extension.swift */ = {isa = PBXFileReference; lastKnownFileType = sourcecode.swift; path = "String+Extension.swift"; sourceTree = "<group>"; };
		03399EC925B9B04D00572280 /* UIView+Extension.swift */ = {isa = PBXFileReference; lastKnownFileType = sourcecode.swift; path = "UIView+Extension.swift"; sourceTree = "<group>"; };
		0380C77F25B6C5B9007F53A6 /* AppData.swift */ = {isa = PBXFileReference; lastKnownFileType = sourcecode.swift; path = AppData.swift; sourceTree = "<group>"; };
		0380C79F25B6CC6A007F53A6 /* ItemCategory.swift */ = {isa = PBXFileReference; lastKnownFileType = sourcecode.swift; path = ItemCategory.swift; sourceTree = "<group>"; };
		0380C7A525B6DE61007F53A6 /* ItemsViewController.swift */ = {isa = PBXFileReference; lastKnownFileType = sourcecode.swift; path = ItemsViewController.swift; sourceTree = "<group>"; };
		0380C7AE25B6E526007F53A6 /* ItemCell.swift */ = {isa = PBXFileReference; lastKnownFileType = sourcecode.swift; path = ItemCell.swift; sourceTree = "<group>"; };
		0380C7B325B6F2A2007F53A6 /* AppNavigationController.swift */ = {isa = PBXFileReference; lastKnownFileType = sourcecode.swift; path = AppNavigationController.swift; sourceTree = "<group>"; };
		0380C7C425B6FB89007F53A6 /* UI.swift */ = {isa = PBXFileReference; lastKnownFileType = sourcecode.swift; path = UI.swift; sourceTree = "<group>"; };
		0380C7CE25B75361007F53A6 /* Badge.swift */ = {isa = PBXFileReference; lastKnownFileType = sourcecode.swift; path = Badge.swift; sourceTree = "<group>"; };
		039AD63D25B5DADE0000ECA1 /* LBC Sample.app */ = {isa = PBXFileReference; explicitFileType = wrapper.application; includeInIndex = 0; path = "LBC Sample.app"; sourceTree = BUILT_PRODUCTS_DIR; };
		039AD64025B5DADE0000ECA1 /* AppDelegate.swift */ = {isa = PBXFileReference; lastKnownFileType = sourcecode.swift; path = AppDelegate.swift; sourceTree = "<group>"; };
		039AD64925B5DADF0000ECA1 /* Assets.xcassets */ = {isa = PBXFileReference; lastKnownFileType = folder.assetcatalog; path = Assets.xcassets; sourceTree = "<group>"; };
		039AD64C25B5DADF0000ECA1 /* Base */ = {isa = PBXFileReference; lastKnownFileType = file.storyboard; name = Base; path = Base.lproj/LaunchScreen.storyboard; sourceTree = "<group>"; };
		039AD64E25B5DADF0000ECA1 /* Info.plist */ = {isa = PBXFileReference; lastKnownFileType = text.plist.xml; path = Info.plist; sourceTree = "<group>"; };
		039AD65325B5DADF0000ECA1 /* LBC SampleTests.xctest */ = {isa = PBXFileReference; explicitFileType = wrapper.cfbundle; includeInIndex = 0; path = "LBC SampleTests.xctest"; sourceTree = BUILT_PRODUCTS_DIR; };
		039AD65725B5DADF0000ECA1 /* LBC_SampleTests.swift */ = {isa = PBXFileReference; lastKnownFileType = sourcecode.swift; path = LBC_SampleTests.swift; sourceTree = "<group>"; };
		039AD65925B5DADF0000ECA1 /* Info.plist */ = {isa = PBXFileReference; lastKnownFileType = text.plist.xml; path = Info.plist; sourceTree = "<group>"; };
		039AD65E25B5DADF0000ECA1 /* LBC SampleUITests.xctest */ = {isa = PBXFileReference; explicitFileType = wrapper.cfbundle; includeInIndex = 0; path = "LBC SampleUITests.xctest"; sourceTree = BUILT_PRODUCTS_DIR; };
		039AD66225B5DADF0000ECA1 /* LBC_SampleUITests.swift */ = {isa = PBXFileReference; lastKnownFileType = sourcecode.swift; path = LBC_SampleUITests.swift; sourceTree = "<group>"; };
		039AD66425B5DADF0000ECA1 /* Info.plist */ = {isa = PBXFileReference; lastKnownFileType = text.plist.xml; path = Info.plist; sourceTree = "<group>"; };
		03C618B625B83228008419EF /* TestsCategories.json */ = {isa = PBXFileReference; fileEncoding = 4; lastKnownFileType = text.json; path = TestsCategories.json; sourceTree = "<group>"; };
		03C618BE25B8325B008419EF /* LBC_CategoryTests.swift */ = {isa = PBXFileReference; lastKnownFileType = sourcecode.swift; path = LBC_CategoryTests.swift; sourceTree = "<group>"; };
		03C618E125B836A1008419EF /* TestsItems.json */ = {isa = PBXFileReference; fileEncoding = 4; lastKnownFileType = text.json; path = TestsItems.json; sourceTree = "<group>"; };
		03C618E925B8745C008419EF /* FilterPane.swift */ = {isa = PBXFileReference; lastKnownFileType = sourcecode.swift; path = FilterPane.swift; sourceTree = "<group>"; };
/* End PBXFileReference section */

/* Begin PBXFrameworksBuildPhase section */
		039AD63A25B5DADE0000ECA1 /* Frameworks */ = {
			isa = PBXFrameworksBuildPhase;
			buildActionMask = 2147483647;
			files = (
				03C618D025B834BF008419EF /* CoreServices.framework in Frameworks */,
			);
			runOnlyForDeploymentPostprocessing = 0;
		};
		039AD65025B5DADF0000ECA1 /* Frameworks */ = {
			isa = PBXFrameworksBuildPhase;
			buildActionMask = 2147483647;
			files = (
				03C618DD25B834F0008419EF /* CoreServices.framework in Frameworks */,
			);
			runOnlyForDeploymentPostprocessing = 0;
		};
		039AD65B25B5DADF0000ECA1 /* Frameworks */ = {
			isa = PBXFrameworksBuildPhase;
			buildActionMask = 2147483647;
			files = (
			);
			runOnlyForDeploymentPostprocessing = 0;
		};
/* End PBXFrameworksBuildPhase section */

/* Begin PBXGroup section */
		0307250C25B5EAEA00473311 /* Utils */ = {
			isa = PBXGroup;
			children = (
				0307250D25B5EB0500473311 /* UILabel+Extension.swift */,
				03399EBC25B960CF00572280 /* Float+Extension.swift */,
				0307251825B5EDCD00473311 /* AppBaseViewController.swift */,
				0380C7B325B6F2A2007F53A6 /* AppNavigationController.swift */,
				03399EC425B98E5000572280 /* String+Extension.swift */,
				03399EC925B9B04D00572280 /* UIView+Extension.swift */,
			);
			path = Utils;
			sourceTree = "<group>";
		};
		0307252725B5F20800473311 /* Frameworks */ = {
			isa = PBXGroup;
			children = (
				0307252D25B5F22800473311 /* CoreServices.framework */,
			);
			name = Frameworks;
			sourceTree = "<group>";
		};
		0307253F25B5F39300473311 /* Model */ = {
			isa = PBXGroup;
			children = (
				0307254025B5F3A200473311 /* Item.swift */,
				0380C79F25B6CC6A007F53A6 /* ItemCategory.swift */,
			);
			path = Model;
			sourceTree = "<group>";
		};
		0380C77E25B6C59D007F53A6 /* Data */ = {
			isa = PBXGroup;
			children = (
				0307253F25B5F39300473311 /* Model */,
				0380C77F25B6C5B9007F53A6 /* AppData.swift */,
			);
			path = Data;
			sourceTree = "<group>";
		};
		0380C78425B6C5BF007F53A6 /* Network */ = {
			isa = PBXGroup;
			children = (
				0307251F25B5F12500473311 /* NBNetwork.swift */,
				0307253225B5F2F200473311 /* AppNetwork.swift */,
			);
			path = Network;
			sourceTree = "<group>";
		};
		0380C7A425B6DE2F007F53A6 /* Controllers */ = {
			isa = PBXGroup;
			children = (
				031727D525B8A4330071ECA0 /* LoadingViewController.swift */,
				0380C7A525B6DE61007F53A6 /* ItemsViewController.swift */,
				031727FD25B8AE740071ECA0 /* ItemDetailViewController.swift */,
			);
			path = Controllers;
			sourceTree = "<group>";
		};
		0380C7AD25B6E514007F53A6 /* Views */ = {
			isa = PBXGroup;
			children = (
				0380C7AE25B6E526007F53A6 /* ItemCell.swift */,
				0380C7CE25B75361007F53A6 /* Badge.swift */,
				03C618E925B8745C008419EF /* FilterPane.swift */,
			);
			path = Views;
			sourceTree = "<group>";
		};
		039AD63425B5DADE0000ECA1 = {
			isa = PBXGroup;
			children = (
				039AD63F25B5DADE0000ECA1 /* LBC Sample */,
				039AD65625B5DADF0000ECA1 /* LBC SampleTests */,
				039AD66125B5DADF0000ECA1 /* LBC SampleUITests */,
				039AD63E25B5DADE0000ECA1 /* Products */,
				0307252725B5F20800473311 /* Frameworks */,
			);
			sourceTree = "<group>";
		};
		039AD63E25B5DADE0000ECA1 /* Products */ = {
			isa = PBXGroup;
			children = (
				039AD63D25B5DADE0000ECA1 /* LBC Sample.app */,
				039AD65325B5DADF0000ECA1 /* LBC SampleTests.xctest */,
				039AD65E25B5DADF0000ECA1 /* LBC SampleUITests.xctest */,
			);
			name = Products;
			sourceTree = "<group>";
		};
		039AD63F25B5DADE0000ECA1 /* LBC Sample */ = {
			isa = PBXGroup;
			children = (
				0380C7C425B6FB89007F53A6 /* UI.swift */,
				0380C78425B6C5BF007F53A6 /* Network */,
				0380C77E25B6C59D007F53A6 /* Data */,
				0380C7A425B6DE2F007F53A6 /* Controllers */,
				0380C7AD25B6E514007F53A6 /* Views */,
				0307250C25B5EAEA00473311 /* Utils */,
				039AD64025B5DADE0000ECA1 /* AppDelegate.swift */,
				039AD64925B5DADF0000ECA1 /* Assets.xcassets */,
				039AD64B25B5DADF0000ECA1 /* LaunchScreen.storyboard */,
				039AD64E25B5DADF0000ECA1 /* Info.plist */,
			);
			path = "LBC Sample";
			sourceTree = "<group>";
		};
		039AD65625B5DADF0000ECA1 /* LBC SampleTests */ = {
			isa = PBXGroup;
			children = (
				03C618B625B83228008419EF /* TestsCategories.json */,
				03C618E125B836A1008419EF /* TestsItems.json */,
				039AD65725B5DADF0000ECA1 /* LBC_SampleTests.swift */,
				039AD65925B5DADF0000ECA1 /* Info.plist */,
				0307255225B5FF2800473311 /* LBC_ItemTests.swift */,
				03C618BE25B8325B008419EF /* LBC_CategoryTests.swift */,
			);
			path = "LBC SampleTests";
			sourceTree = "<group>";
		};
		039AD66125B5DADF0000ECA1 /* LBC SampleUITests */ = {
			isa = PBXGroup;
			children = (
				039AD66225B5DADF0000ECA1 /* LBC_SampleUITests.swift */,
				039AD66425B5DADF0000ECA1 /* Info.plist */,
			);
			path = "LBC SampleUITests";
			sourceTree = "<group>";
		};
/* End PBXGroup section */

/* Begin PBXNativeTarget section */
		039AD63C25B5DADE0000ECA1 /* LBC Sample */ = {
			isa = PBXNativeTarget;
			buildConfigurationList = 039AD66725B5DADF0000ECA1 /* Build configuration list for PBXNativeTarget "LBC Sample" */;
			buildPhases = (
				039AD63925B5DADE0000ECA1 /* Sources */,
				039AD63A25B5DADE0000ECA1 /* Frameworks */,
				039AD63B25B5DADE0000ECA1 /* Resources */,
			);
			buildRules = (
			);
			dependencies = (
			);
			name = "LBC Sample";
			productName = "LBC Sample";
			productReference = 039AD63D25B5DADE0000ECA1 /* LBC Sample.app */;
			productType = "com.apple.product-type.application";
		};
		039AD65225B5DADF0000ECA1 /* LBC SampleTests */ = {
			isa = PBXNativeTarget;
			buildConfigurationList = 039AD66A25B5DADF0000ECA1 /* Build configuration list for PBXNativeTarget "LBC SampleTests" */;
			buildPhases = (
				039AD64F25B5DADF0000ECA1 /* Sources */,
				039AD65025B5DADF0000ECA1 /* Frameworks */,
				039AD65125B5DADF0000ECA1 /* Resources */,
			);
			buildRules = (
			);
			dependencies = (
				039AD65525B5DADF0000ECA1 /* PBXTargetDependency */,
			);
			name = "LBC SampleTests";
			productName = "LBC SampleTests";
			productReference = 039AD65325B5DADF0000ECA1 /* LBC SampleTests.xctest */;
			productType = "com.apple.product-type.bundle.unit-test";
		};
		039AD65D25B5DADF0000ECA1 /* LBC SampleUITests */ = {
			isa = PBXNativeTarget;
			buildConfigurationList = 039AD66D25B5DADF0000ECA1 /* Build configuration list for PBXNativeTarget "LBC SampleUITests" */;
			buildPhases = (
				039AD65A25B5DADF0000ECA1 /* Sources */,
				039AD65B25B5DADF0000ECA1 /* Frameworks */,
				039AD65C25B5DADF0000ECA1 /* Resources */,
			);
			buildRules = (
			);
			dependencies = (
				039AD66025B5DADF0000ECA1 /* PBXTargetDependency */,
			);
			name = "LBC SampleUITests";
			productName = "LBC SampleUITests";
			productReference = 039AD65E25B5DADF0000ECA1 /* LBC SampleUITests.xctest */;
			productType = "com.apple.product-type.bundle.ui-testing";
		};
/* End PBXNativeTarget section */

/* Begin PBXProject section */
		039AD63525B5DADE0000ECA1 /* Project object */ = {
			isa = PBXProject;
			attributes = {
				LastSwiftUpdateCheck = 1220;
				LastUpgradeCheck = 1220;
				TargetAttributes = {
					039AD63C25B5DADE0000ECA1 = {
						CreatedOnToolsVersion = 12.2;
					};
					039AD65225B5DADF0000ECA1 = {
						CreatedOnToolsVersion = 12.2;
						TestTargetID = 039AD63C25B5DADE0000ECA1;
					};
					039AD65D25B5DADF0000ECA1 = {
						CreatedOnToolsVersion = 12.2;
						TestTargetID = 039AD63C25B5DADE0000ECA1;
					};
				};
			};
			buildConfigurationList = 039AD63825B5DADE0000ECA1 /* Build configuration list for PBXProject "LBC Sample" */;
			compatibilityVersion = "Xcode 9.3";
			developmentRegion = en;
			hasScannedForEncodings = 0;
			knownRegions = (
				en,
				Base,
			);
			mainGroup = 039AD63425B5DADE0000ECA1;
			productRefGroup = 039AD63E25B5DADE0000ECA1 /* Products */;
			projectDirPath = "";
			projectRoot = "";
			targets = (
				039AD63C25B5DADE0000ECA1 /* LBC Sample */,
				039AD65225B5DADF0000ECA1 /* LBC SampleTests */,
				039AD65D25B5DADF0000ECA1 /* LBC SampleUITests */,
			);
		};
/* End PBXProject section */

/* Begin PBXResourcesBuildPhase section */
		039AD63B25B5DADE0000ECA1 /* Resources */ = {
			isa = PBXResourcesBuildPhase;
			buildActionMask = 2147483647;
			files = (
				039AD64D25B5DADF0000ECA1 /* LaunchScreen.storyboard in Resources */,
				039AD64A25B5DADF0000ECA1 /* Assets.xcassets in Resources */,
			);
			runOnlyForDeploymentPostprocessing = 0;
		};
		039AD65125B5DADF0000ECA1 /* Resources */ = {
			isa = PBXResourcesBuildPhase;
			buildActionMask = 2147483647;
			files = (
				03C618E225B836A1008419EF /* TestsItems.json in Resources */,
				03C618B725B83228008419EF /* TestsCategories.json in Resources */,
			);
			runOnlyForDeploymentPostprocessing = 0;
		};
		039AD65C25B5DADF0000ECA1 /* Resources */ = {
			isa = PBXResourcesBuildPhase;
			buildActionMask = 2147483647;
			files = (
			);
			runOnlyForDeploymentPostprocessing = 0;
		};
/* End PBXResourcesBuildPhase section */

/* Begin PBXSourcesBuildPhase section */
		039AD63925B5DADE0000ECA1 /* Sources */ = {
			isa = PBXSourcesBuildPhase;
			buildActionMask = 2147483647;
			files = (
				0307252025B5F12500473311 /* NBNetwork.swift in Sources */,
				0380C78025B6C5B9007F53A6 /* AppData.swift in Sources */,
				031727D625B8A4330071ECA0 /* LoadingViewController.swift in Sources */,
				0307251925B5EDCD00473311 /* AppBaseViewController.swift in Sources */,
				0307254125B5F3A200473311 /* Item.swift in Sources */,
				0380C7AF25B6E526007F53A6 /* ItemCell.swift in Sources */,
				0380C7C525B6FB89007F53A6 /* UI.swift in Sources */,
				0380C7A625B6DE61007F53A6 /* ItemsViewController.swift in Sources */,
				03399EBD25B960CF00572280 /* Float+Extension.swift in Sources */,
				0380C7A025B6CC6A007F53A6 /* ItemCategory.swift in Sources */,
				03399EC525B98E5000572280 /* String+Extension.swift in Sources */,
				0380C7B425B6F2A2007F53A6 /* AppNavigationController.swift in Sources */,
				03399ECA25B9B04D00572280 /* UIView+Extension.swift in Sources */,
				0307250E25B5EB0500473311 /* UILabel+Extension.swift in Sources */,
				0380C79B25B6C6F6007F53A6 /* AppNetwork.swift in Sources */,
				03C618EA25B8745C008419EF /* FilterPane.swift in Sources */,
				031727FE25B8AE740071ECA0 /* ItemDetailViewController.swift in Sources */,
				0380C7CF25B75361007F53A6 /* Badge.swift in Sources */,
				039AD64125B5DADE0000ECA1 /* AppDelegate.swift in Sources */,
			);
			runOnlyForDeploymentPostprocessing = 0;
		};
		039AD64F25B5DADF0000ECA1 /* Sources */ = {
			isa = PBXSourcesBuildPhase;
			buildActionMask = 2147483647;
			files = (
				0380C78C25B6C67A007F53A6 /* Item.swift in Sources */,
				0380C79025B6C67F007F53A6 /* NBNetwork.swift in Sources */,
				03C618C925B83457008419EF /* ItemCategory.swift in Sources */,
				0380C79425B6C681007F53A6 /* AppNetwork.swift in Sources */,
				0307255325B5FF2800473311 /* LBC_ItemTests.swift in Sources */,
				03C618BF25B8325B008419EF /* LBC_CategoryTests.swift in Sources */,
				039AD65825B5DADF0000ECA1 /* LBC_SampleTests.swift in Sources */,
				0380C78825B6C675007F53A6 /* AppData.swift in Sources */,
			);
			runOnlyForDeploymentPostprocessing = 0;
		};
		039AD65A25B5DADF0000ECA1 /* Sources */ = {
			isa = PBXSourcesBuildPhase;
			buildActionMask = 2147483647;
			files = (
				039AD66325B5DADF0000ECA1 /* LBC_SampleUITests.swift in Sources */,
			);
			runOnlyForDeploymentPostprocessing = 0;
		};
/* End PBXSourcesBuildPhase section */

/* Begin PBXTargetDependency section */
		039AD65525B5DADF0000ECA1 /* PBXTargetDependency */ = {
			isa = PBXTargetDependency;
			target = 039AD63C25B5DADE0000ECA1 /* LBC Sample */;
			targetProxy = 039AD65425B5DADF0000ECA1 /* PBXContainerItemProxy */;
		};
		039AD66025B5DADF0000ECA1 /* PBXTargetDependency */ = {
			isa = PBXTargetDependency;
			target = 039AD63C25B5DADE0000ECA1 /* LBC Sample */;
			targetProxy = 039AD65F25B5DADF0000ECA1 /* PBXContainerItemProxy */;
		};
/* End PBXTargetDependency section */

/* Begin PBXVariantGroup section */
		039AD64B25B5DADF0000ECA1 /* LaunchScreen.storyboard */ = {
			isa = PBXVariantGroup;
			children = (
				039AD64C25B5DADF0000ECA1 /* Base */,
			);
			name = LaunchScreen.storyboard;
			sourceTree = "<group>";
		};
/* End PBXVariantGroup section */

/* Begin XCBuildConfiguration section */
		039AD66525B5DADF0000ECA1 /* Debug */ = {
			isa = XCBuildConfiguration;
			buildSettings = {
				ALWAYS_SEARCH_USER_PATHS = NO;
				CLANG_ANALYZER_NONNULL = YES;
				CLANG_ANALYZER_NUMBER_OBJECT_CONVERSION = YES_AGGRESSIVE;
				CLANG_CXX_LANGUAGE_STANDARD = "gnu++14";
				CLANG_CXX_LIBRARY = "libc++";
				CLANG_ENABLE_MODULES = YES;
				CLANG_ENABLE_OBJC_ARC = YES;
				CLANG_ENABLE_OBJC_WEAK = YES;
				CLANG_WARN_BLOCK_CAPTURE_AUTORELEASING = YES;
				CLANG_WARN_BOOL_CONVERSION = YES;
				CLANG_WARN_COMMA = YES;
				CLANG_WARN_CONSTANT_CONVERSION = YES;
				CLANG_WARN_DEPRECATED_OBJC_IMPLEMENTATIONS = YES;
				CLANG_WARN_DIRECT_OBJC_ISA_USAGE = YES_ERROR;
				CLANG_WARN_DOCUMENTATION_COMMENTS = YES;
				CLANG_WARN_EMPTY_BODY = YES;
				CLANG_WARN_ENUM_CONVERSION = YES;
				CLANG_WARN_INFINITE_RECURSION = YES;
				CLANG_WARN_INT_CONVERSION = YES;
				CLANG_WARN_NON_LITERAL_NULL_CONVERSION = YES;
				CLANG_WARN_OBJC_IMPLICIT_RETAIN_SELF = YES;
				CLANG_WARN_OBJC_LITERAL_CONVERSION = YES;
				CLANG_WARN_OBJC_ROOT_CLASS = YES_ERROR;
				CLANG_WARN_QUOTED_INCLUDE_IN_FRAMEWORK_HEADER = YES;
				CLANG_WARN_RANGE_LOOP_ANALYSIS = YES;
				CLANG_WARN_STRICT_PROTOTYPES = YES;
				CLANG_WARN_SUSPICIOUS_MOVE = YES;
				CLANG_WARN_UNGUARDED_AVAILABILITY = YES_AGGRESSIVE;
				CLANG_WARN_UNREACHABLE_CODE = YES;
				CLANG_WARN__DUPLICATE_METHOD_MATCH = YES;
				COPY_PHASE_STRIP = NO;
				DEBUG_INFORMATION_FORMAT = dwarf;
				ENABLE_STRICT_OBJC_MSGSEND = YES;
				ENABLE_TESTABILITY = YES;
				GCC_C_LANGUAGE_STANDARD = gnu11;
				GCC_DYNAMIC_NO_PIC = NO;
				GCC_NO_COMMON_BLOCKS = YES;
				GCC_OPTIMIZATION_LEVEL = 0;
				GCC_PREPROCESSOR_DEFINITIONS = (
					"DEBUG=1",
					"$(inherited)",
				);
				GCC_WARN_64_TO_32_BIT_CONVERSION = YES;
				GCC_WARN_ABOUT_RETURN_TYPE = YES_ERROR;
				GCC_WARN_UNDECLARED_SELECTOR = YES;
				GCC_WARN_UNINITIALIZED_AUTOS = YES_AGGRESSIVE;
				GCC_WARN_UNUSED_FUNCTION = YES;
				GCC_WARN_UNUSED_VARIABLE = YES;
				IPHONEOS_DEPLOYMENT_TARGET = 11.0;
				MTL_ENABLE_DEBUG_INFO = INCLUDE_SOURCE;
				MTL_FAST_MATH = YES;
				ONLY_ACTIVE_ARCH = YES;
				SDKROOT = iphoneos;
				SWIFT_ACTIVE_COMPILATION_CONDITIONS = DEBUG;
				SWIFT_OPTIMIZATION_LEVEL = "-Onone";
			};
			name = Debug;
		};
		039AD66625B5DADF0000ECA1 /* Release */ = {
			isa = XCBuildConfiguration;
			buildSettings = {
				ALWAYS_SEARCH_USER_PATHS = NO;
				CLANG_ANALYZER_NONNULL = YES;
				CLANG_ANALYZER_NUMBER_OBJECT_CONVERSION = YES_AGGRESSIVE;
				CLANG_CXX_LANGUAGE_STANDARD = "gnu++14";
				CLANG_CXX_LIBRARY = "libc++";
				CLANG_ENABLE_MODULES = YES;
				CLANG_ENABLE_OBJC_ARC = YES;
				CLANG_ENABLE_OBJC_WEAK = YES;
				CLANG_WARN_BLOCK_CAPTURE_AUTORELEASING = YES;
				CLANG_WARN_BOOL_CONVERSION = YES;
				CLANG_WARN_COMMA = YES;
				CLANG_WARN_CONSTANT_CONVERSION = YES;
				CLANG_WARN_DEPRECATED_OBJC_IMPLEMENTATIONS = YES;
				CLANG_WARN_DIRECT_OBJC_ISA_USAGE = YES_ERROR;
				CLANG_WARN_DOCUMENTATION_COMMENTS = YES;
				CLANG_WARN_EMPTY_BODY = YES;
				CLANG_WARN_ENUM_CONVERSION = YES;
				CLANG_WARN_INFINITE_RECURSION = YES;
				CLANG_WARN_INT_CONVERSION = YES;
				CLANG_WARN_NON_LITERAL_NULL_CONVERSION = YES;
				CLANG_WARN_OBJC_IMPLICIT_RETAIN_SELF = YES;
				CLANG_WARN_OBJC_LITERAL_CONVERSION = YES;
				CLANG_WARN_OBJC_ROOT_CLASS = YES_ERROR;
				CLANG_WARN_QUOTED_INCLUDE_IN_FRAMEWORK_HEADER = YES;
				CLANG_WARN_RANGE_LOOP_ANALYSIS = YES;
				CLANG_WARN_STRICT_PROTOTYPES = YES;
				CLANG_WARN_SUSPICIOUS_MOVE = YES;
				CLANG_WARN_UNGUARDED_AVAILABILITY = YES_AGGRESSIVE;
				CLANG_WARN_UNREACHABLE_CODE = YES;
				CLANG_WARN__DUPLICATE_METHOD_MATCH = YES;
				COPY_PHASE_STRIP = NO;
				DEBUG_INFORMATION_FORMAT = "dwarf-with-dsym";
				ENABLE_NS_ASSERTIONS = NO;
				ENABLE_STRICT_OBJC_MSGSEND = YES;
				GCC_C_LANGUAGE_STANDARD = gnu11;
				GCC_NO_COMMON_BLOCKS = YES;
				GCC_WARN_64_TO_32_BIT_CONVERSION = YES;
				GCC_WARN_ABOUT_RETURN_TYPE = YES_ERROR;
				GCC_WARN_UNDECLARED_SELECTOR = YES;
				GCC_WARN_UNINITIALIZED_AUTOS = YES_AGGRESSIVE;
				GCC_WARN_UNUSED_FUNCTION = YES;
				GCC_WARN_UNUSED_VARIABLE = YES;
				IPHONEOS_DEPLOYMENT_TARGET = 11.0;
				MTL_ENABLE_DEBUG_INFO = NO;
				MTL_FAST_MATH = YES;
				SDKROOT = iphoneos;
				SWIFT_COMPILATION_MODE = wholemodule;
				SWIFT_OPTIMIZATION_LEVEL = "-O";
				VALIDATE_PRODUCT = YES;
			};
			name = Release;
		};
		039AD66825B5DADF0000ECA1 /* Debug */ = {
			isa = XCBuildConfiguration;
			buildSettings = {
				ASSETCATALOG_COMPILER_APPICON_NAME = AppIcon;
				ASSETCATALOG_COMPILER_GLOBAL_ACCENT_COLOR_NAME = AccentColor;
				CODE_SIGN_STYLE = Automatic;
				DEVELOPMENT_TEAM = D7XBJ3PC59;
				INFOPLIST_FILE = "LBC Sample/Info.plist";
				LD_RUNPATH_SEARCH_PATHS = (
					"$(inherited)",
					"@executable_path/Frameworks",
				);
				PRODUCT_BUNDLE_IDENTIFIER = "com.buquet-net.ios.lbcsample";
				PRODUCT_NAME = "$(TARGET_NAME)";
				SWIFT_VERSION = 5.0;
				TARGETED_DEVICE_FAMILY = "1,2";
			};
			name = Debug;
		};
		039AD66925B5DADF0000ECA1 /* Release */ = {
			isa = XCBuildConfiguration;
			buildSettings = {
				ASSETCATALOG_COMPILER_APPICON_NAME = AppIcon;
				ASSETCATALOG_COMPILER_GLOBAL_ACCENT_COLOR_NAME = AccentColor;
				CODE_SIGN_STYLE = Automatic;
				DEVELOPMENT_TEAM = D7XBJ3PC59;
				INFOPLIST_FILE = "LBC Sample/Info.plist";
				LD_RUNPATH_SEARCH_PATHS = (
					"$(inherited)",
					"@executable_path/Frameworks",
				);
				PRODUCT_BUNDLE_IDENTIFIER = "com.buquet-net.ios.lbcsample";
				PRODUCT_NAME = "$(TARGET_NAME)";
				SWIFT_VERSION = 5.0;
				TARGETED_DEVICE_FAMILY = "1,2";
			};
			name = Release;
		};
		039AD66B25B5DADF0000ECA1 /* Debug */ = {
			isa = XCBuildConfiguration;
			buildSettings = {
				ALWAYS_EMBED_SWIFT_STANDARD_LIBRARIES = YES;
				BUNDLE_LOADER = "$(TEST_HOST)";
				CODE_SIGN_STYLE = Automatic;
				DEVELOPMENT_TEAM = D7XBJ3PC59;
				INFOPLIST_FILE = "LBC SampleTests/Info.plist";
				LD_RUNPATH_SEARCH_PATHS = (
					"$(inherited)",
					"@executable_path/Frameworks",
					"@loader_path/Frameworks",
				);
				PRODUCT_BUNDLE_IDENTIFIER = "com.buquet-net.LBC-SampleTests";
				PRODUCT_NAME = "$(TARGET_NAME)";
				SWIFT_VERSION = 5.0;
				TARGETED_DEVICE_FAMILY = "1,2";
				TEST_HOST = "$(BUILT_PRODUCTS_DIR)/LBC Sample.app/LBC Sample";
			};
			name = Debug;
		};
		039AD66C25B5DADF0000ECA1 /* Release */ = {
			isa = XCBuildConfiguration;
			buildSettings = {
				ALWAYS_EMBED_SWIFT_STANDARD_LIBRARIES = YES;
				BUNDLE_LOADER = "$(TEST_HOST)";
				CODE_SIGN_STYLE = Automatic;
				DEVELOPMENT_TEAM = D7XBJ3PC59;
				INFOPLIST_FILE = "LBC SampleTests/Info.plist";
				LD_RUNPATH_SEARCH_PATHS = (
					"$(inherited)",
					"@executable_path/Frameworks",
					"@loader_path/Frameworks",
				);
				PRODUCT_BUNDLE_IDENTIFIER = "com.buquet-net.LBC-SampleTests";
				PRODUCT_NAME = "$(TARGET_NAME)";
				SWIFT_VERSION = 5.0;
				TARGETED_DEVICE_FAMILY = "1,2";
				TEST_HOST = "$(BUILT_PRODUCTS_DIR)/LBC Sample.app/LBC Sample";
			};
			name = Release;
		};
		039AD66E25B5DADF0000ECA1 /* Debug */ = {
			isa = XCBuildConfiguration;
			buildSettings = {
				ALWAYS_EMBED_SWIFT_STANDARD_LIBRARIES = YES;
				CODE_SIGN_STYLE = Automatic;
				DEVELOPMENT_TEAM = D7XBJ3PC59;
				INFOPLIST_FILE = "LBC SampleUITests/Info.plist";
				LD_RUNPATH_SEARCH_PATHS = (
					"$(inherited)",
					"@executable_path/Frameworks",
					"@loader_path/Frameworks",
				);
				PRODUCT_BUNDLE_IDENTIFIER = "com.buquet-net.LBC-SampleUITests";
				PRODUCT_NAME = "$(TARGET_NAME)";
				SWIFT_VERSION = 5.0;
				TARGETED_DEVICE_FAMILY = "1,2";
				TEST_TARGET_NAME = "LBC Sample";
			};
			name = Debug;
		};
		039AD66F25B5DADF0000ECA1 /* Release */ = {
			isa = XCBuildConfiguration;
			buildSettings = {
				ALWAYS_EMBED_SWIFT_STANDARD_LIBRARIES = YES;
				CODE_SIGN_STYLE = Automatic;
				DEVELOPMENT_TEAM = D7XBJ3PC59;
				INFOPLIST_FILE = "LBC SampleUITests/Info.plist";
				LD_RUNPATH_SEARCH_PATHS = (
					"$(inherited)",
					"@executable_path/Frameworks",
					"@loader_path/Frameworks",
				);
				PRODUCT_BUNDLE_IDENTIFIER = "com.buquet-net.LBC-SampleUITests";
				PRODUCT_NAME = "$(TARGET_NAME)";
				SWIFT_VERSION = 5.0;
				TARGETED_DEVICE_FAMILY = "1,2";
				TEST_TARGET_NAME = "LBC Sample";
			};
			name = Release;
		};
/* End XCBuildConfiguration section */

/* Begin XCConfigurationList section */
		039AD63825B5DADE0000ECA1 /* Build configuration list for PBXProject "LBC Sample" */ = {
			isa = XCConfigurationList;
			buildConfigurations = (
				039AD66525B5DADF0000ECA1 /* Debug */,
				039AD66625B5DADF0000ECA1 /* Release */,
			);
			defaultConfigurationIsVisible = 0;
			defaultConfigurationName = Release;
		};
		039AD66725B5DADF0000ECA1 /* Build configuration list for PBXNativeTarget "LBC Sample" */ = {
			isa = XCConfigurationList;
			buildConfigurations = (
				039AD66825B5DADF0000ECA1 /* Debug */,
				039AD66925B5DADF0000ECA1 /* Release */,
			);
			defaultConfigurationIsVisible = 0;
			defaultConfigurationName = Release;
		};
		039AD66A25B5DADF0000ECA1 /* Build configuration list for PBXNativeTarget "LBC SampleTests" */ = {
			isa = XCConfigurationList;
			buildConfigurations = (
				039AD66B25B5DADF0000ECA1 /* Debug */,
				039AD66C25B5DADF0000ECA1 /* Release */,
			);
			defaultConfigurationIsVisible = 0;
			defaultConfigurationName = Release;
		};
		039AD66D25B5DADF0000ECA1 /* Build configuration list for PBXNativeTarget "LBC SampleUITests" */ = {
			isa = XCConfigurationList;
			buildConfigurations = (
				039AD66E25B5DADF0000ECA1 /* Debug */,
				039AD66F25B5DADF0000ECA1 /* Release */,
			);
			defaultConfigurationIsVisible = 0;
			defaultConfigurationName = Release;
		};
/* End XCConfigurationList section */
	};
	rootObject = 039AD63525B5DADE0000ECA1 /* Project object */;
}
